
Microsoft Visual Studio Solution File, Format Version 12.00
# Visual Studio Version 17
VisualStudioVersion = 17.6.33829.357
MinimumVisualStudioVersion = 10.0.40219.1
Project("{FAE04EC0-301F-11D3-BF4B-00C04F79EFBC}") = "AutomatizaWebOrange", "AutomatizaWebOrange\AutomatizaWebOrange.csproj", "{9E009433-C881-42D7-BDB1-A898371B8DEE}"
EndProject
Project("{2150E333-8FDC-42A3-9474-1A3956D46DE8}") = "NewFolder1", "NewFolder1", "{660D2FB2-8BD7-498F-80E9-BE99866948E7}"
EndProject
Global
	GlobalSection(SolutionConfigurationPlatforms) = preSolution
		Debug|Any CPU = Debug|Any CPU
		Release|Any CPU = Release|Any CPU
	EndGlobalSection
	GlobalSection(ProjectConfigurationPlatforms) = postSolution
		{9E009433-C881-42D7-BDB1-A898371B8DEE}.Debug|Any CPU.ActiveCfg = Debug|Any CPU
		{9E009433-C881-42D7-BDB1-A898371B8DEE}.Debug|Any CPU.Build.0 = Debug|Any CPU
		{9E009433-C881-42D7-BDB1-A898371B8DEE}.Release|Any CPU.ActiveCfg = Release|Any CPU
		{9E009433-C881-42D7-BDB1-A898371B8DEE}.Release|Any CPU.Build.0 = Release|Any CPU
	EndGlobalSection
	GlobalSection(SolutionProperties) = preSolution
		HideSolutionNode = FALSE
	EndGlobalSection
	GlobalSection(ExtensibilityGlobals) = postSolution
		SolutionGuid = {7BEF442C-D5EE-408F-B1B1-4257BD4A02B3}
	EndGlobalSection
EndGlobal
